
Microsoft Visual Studio Solution File, Format Version 12.00
# Visual Studio Version 17
VisualStudioVersion = 17.9.34701.34
MinimumVisualStudioVersion = 10.0.40219.1
Project("{FAE04EC0-301F-11D3-BF4B-00C04F79EFBC}") = "NyNyPestalFlowerShop", "NyNyPestalFlowerShop.csproj", "{BE6BE8AE-3403-454B-B1B2-001286419B26}"
EndProject
Global
	GlobalSection(SolutionConfigurationPlatforms) = preSolution
		Debug|Any CPU = Debug|Any CPU
		Release|Any CPU = Release|Any CPU
	EndGlobalSection
	GlobalSection(ProjectConfigurationPlatforms) = postSolution
		{BE6BE8AE-3403-454B-B1B2-001286419B26}.Debug|Any CPU.ActiveCfg = Debug|Any CPU
		{BE6BE8AE-3403-454B-B1B2-001286419B26}.Debug|Any CPU.Build.0 = Debug|Any CPU
		{BE6BE8AE-3403-454B-B1B2-001286419B26}.Release|Any CPU.ActiveCfg = Release|Any CPU
		{BE6BE8AE-3403-454B-B1B2-001286419B26}.Release|Any CPU.Build.0 = Release|Any CPU
	EndGlobalSection
	GlobalSection(SolutionProperties) = preSolution
		HideSolutionNode = FALSE
	EndGlobalSection
	GlobalSection(ExtensibilityGlobals) = postSolution
		SolutionGuid = {CB443737-E9A8-4029-83C7-D5CE347562F4}
	EndGlobalSection
EndGlobal
